
Microsoft Visual Studio Solution File, Format Version 12.00
# Visual Studio 2013
VisualStudioVersion = 12.0.31101.0
MinimumVisualStudioVersion = 10.0.40219.1
Project("{FAE04EC0-301F-11D3-BF4B-00C04F79EFBC}") = "E203.uManage", "E203.uManage\E203.uManage.csproj", "{E077B02B-B5D4-40A1-96C8-26C2AA1318A6}"
EndProject
Project("{FAE04EC0-301F-11D3-BF4B-00C04F79EFBC}") = "E203.uManage.Services", "E203.uManage.Services\E203.uManage.Services.csproj", "{56141EFF-41B5-43BD-A035-99F74D2529AE}"
EndProject
Global
	GlobalSection(SolutionConfigurationPlatforms) = preSolution
		Debug|Any CPU = Debug|Any CPU
		Release|Any CPU = Release|Any CPU
	EndGlobalSection
	GlobalSection(ProjectConfigurationPlatforms) = postSolution
		{E077B02B-B5D4-40A1-96C8-26C2AA1318A6}.Debug|Any CPU.ActiveCfg = Debug|Any CPU
		{E077B02B-B5D4-40A1-96C8-26C2AA1318A6}.Debug|Any CPU.Build.0 = Debug|Any CPU
		{E077B02B-B5D4-40A1-96C8-26C2AA1318A6}.Release|Any CPU.ActiveCfg = Release|Any CPU
		{E077B02B-B5D4-40A1-96C8-26C2AA1318A6}.Release|Any CPU.Build.0 = Release|Any CPU
		{56141EFF-41B5-43BD-A035-99F74D2529AE}.Debug|Any CPU.ActiveCfg = Debug|Any CPU
		{56141EFF-41B5-43BD-A035-99F74D2529AE}.Debug|Any CPU.Build.0 = Debug|Any CPU
		{56141EFF-41B5-43BD-A035-99F74D2529AE}.Release|Any CPU.ActiveCfg = Release|Any CPU
		{56141EFF-41B5-43BD-A035-99F74D2529AE}.Release|Any CPU.Build.0 = Release|Any CPU
	EndGlobalSection
	GlobalSection(SolutionProperties) = preSolution
		HideSolutionNode = FALSE
	EndGlobalSection
EndGlobal
