
Microsoft Visual Studio Solution File, Format Version 11.00
# Visual Studio 2010
Project("{FAE04EC0-301F-11D3-BF4B-00C04F79EFBC}") = "Web", "Web\Web.csproj", "{301AB111-BBCD-4551-AA74-5D501A1BB16C}"
	ProjectSection(ProjectDependencies) = postProject
		{2BE7A33D-FF3B-4CD8-AD77-C4AE006DC334} = {2BE7A33D-FF3B-4CD8-AD77-C4AE006DC334}
		{98BDE88D-05A6-4827-8A60-3CA7241CF4DE} = {98BDE88D-05A6-4827-8A60-3CA7241CF4DE}
		{D7945DD0-0D5A-44B7-9A97-6A6B736ECC22} = {D7945DD0-0D5A-44B7-9A97-6A6B736ECC22}
		{67A85EE3-2997-4B41-A902-3CDC572BC5C1} = {67A85EE3-2997-4B41-A902-3CDC572BC5C1}
	EndProjectSection
EndProject
Project("{FAE04EC0-301F-11D3-BF4B-00C04F79EFBC}") = "AD", "AD\AD.csproj", "{D7945DD0-0D5A-44B7-9A97-6A6B736ECC22}"
	ProjectSection(ProjectDependencies) = postProject
		{98BDE88D-05A6-4827-8A60-3CA7241CF4DE} = {98BDE88D-05A6-4827-8A60-3CA7241CF4DE}
	EndProjectSection
EndProject
Project("{FAE04EC0-301F-11D3-BF4B-00C04F79EFBC}") = "DAL", "DAL\DAL.csproj", "{2BE7A33D-FF3B-4CD8-AD77-C4AE006DC334}"
EndProject
Project("{FAE04EC0-301F-11D3-BF4B-00C04F79EFBC}") = "BLL", "BLL\BLL.csproj", "{67A85EE3-2997-4B41-A902-3CDC572BC5C1}"
	ProjectSection(ProjectDependencies) = postProject
		{2BE7A33D-FF3B-4CD8-AD77-C4AE006DC334} = {2BE7A33D-FF3B-4CD8-AD77-C4AE006DC334}
		{98BDE88D-05A6-4827-8A60-3CA7241CF4DE} = {98BDE88D-05A6-4827-8A60-3CA7241CF4DE}
		{D7945DD0-0D5A-44B7-9A97-6A6B736ECC22} = {D7945DD0-0D5A-44B7-9A97-6A6B736ECC22}
	EndProjectSection
EndProject
Project("{FAE04EC0-301F-11D3-BF4B-00C04F79EFBC}") = "DTO", "DTO\DTO.csproj", "{98BDE88D-05A6-4827-8A60-3CA7241CF4DE}"
EndProject
Global
	GlobalSection(SolutionConfigurationPlatforms) = preSolution
		Debug|Any CPU = Debug|Any CPU
		Release|Any CPU = Release|Any CPU
	EndGlobalSection
	GlobalSection(ProjectConfigurationPlatforms) = postSolution
		{301AB111-BBCD-4551-AA74-5D501A1BB16C}.Debug|Any CPU.ActiveCfg = Debug|Any CPU
		{301AB111-BBCD-4551-AA74-5D501A1BB16C}.Debug|Any CPU.Build.0 = Debug|Any CPU
		{301AB111-BBCD-4551-AA74-5D501A1BB16C}.Release|Any CPU.ActiveCfg = Release|Any CPU
		{301AB111-BBCD-4551-AA74-5D501A1BB16C}.Release|Any CPU.Build.0 = Release|Any CPU
		{D7945DD0-0D5A-44B7-9A97-6A6B736ECC22}.Debug|Any CPU.ActiveCfg = Debug|Any CPU
		{D7945DD0-0D5A-44B7-9A97-6A6B736ECC22}.Debug|Any CPU.Build.0 = Debug|Any CPU
		{D7945DD0-0D5A-44B7-9A97-6A6B736ECC22}.Release|Any CPU.ActiveCfg = Release|Any CPU
		{D7945DD0-0D5A-44B7-9A97-6A6B736ECC22}.Release|Any CPU.Build.0 = Release|Any CPU
		{2BE7A33D-FF3B-4CD8-AD77-C4AE006DC334}.Debug|Any CPU.ActiveCfg = Debug|Any CPU
		{2BE7A33D-FF3B-4CD8-AD77-C4AE006DC334}.Debug|Any CPU.Build.0 = Debug|Any CPU
		{2BE7A33D-FF3B-4CD8-AD77-C4AE006DC334}.Release|Any CPU.ActiveCfg = Release|Any CPU
		{2BE7A33D-FF3B-4CD8-AD77-C4AE006DC334}.Release|Any CPU.Build.0 = Release|Any CPU
		{67A85EE3-2997-4B41-A902-3CDC572BC5C1}.Debug|Any CPU.ActiveCfg = Debug|Any CPU
		{67A85EE3-2997-4B41-A902-3CDC572BC5C1}.Debug|Any CPU.Build.0 = Debug|Any CPU
		{67A85EE3-2997-4B41-A902-3CDC572BC5C1}.Release|Any CPU.ActiveCfg = Release|Any CPU
		{67A85EE3-2997-4B41-A902-3CDC572BC5C1}.Release|Any CPU.Build.0 = Release|Any CPU
		{98BDE88D-05A6-4827-8A60-3CA7241CF4DE}.Debug|Any CPU.ActiveCfg = Debug|Any CPU
		{98BDE88D-05A6-4827-8A60-3CA7241CF4DE}.Debug|Any CPU.Build.0 = Debug|Any CPU
		{98BDE88D-05A6-4827-8A60-3CA7241CF4DE}.Release|Any CPU.ActiveCfg = Release|Any CPU
		{98BDE88D-05A6-4827-8A60-3CA7241CF4DE}.Release|Any CPU.Build.0 = Release|Any CPU
	EndGlobalSection
	GlobalSection(SolutionProperties) = preSolution
		HideSolutionNode = FALSE
	EndGlobalSection
EndGlobal
